
Microsoft Visual Studio Solution File, Format Version 11.00
# Visual Studio 2010
Project("{FAE04EC0-301F-11D3-BF4B-00C04F79EFBC}") = "ScriptsAssemblyDefinition", "ScriptsAssemblyDefinition.csproj", "{47BF7D66-EBA1-572E-3011-7D37A931B3B3}"
EndProject
Project("{FAE04EC0-301F-11D3-BF4B-00C04F79EFBC}") = "PlayModeTests", "PlayModeTests.csproj", "{9E165E9F-9613-E61A-E5A9-15E116B5EDB6}"
EndProject
Project("{FAE04EC0-301F-11D3-BF4B-00C04F79EFBC}") = "EditModeTests", "EditModeTests.csproj", "{F98A03D8-E7F6-1EC7-842D-F6269CBDAAA9}"
EndProject
Global
	GlobalSection(SolutionConfigurationPlatforms) = preSolution
		Debug|Any CPU = Debug|Any CPU
		Release|Any CPU = Release|Any CPU
	EndGlobalSection
	GlobalSection(ProjectConfigurationPlatforms) = postSolution
		{47BF7D66-EBA1-572E-3011-7D37A931B3B3}.Debug|Any CPU.ActiveCfg = Debug|Any CPU
		{47BF7D66-EBA1-572E-3011-7D37A931B3B3}.Debug|Any CPU.Build.0 = Debug|Any CPU
		{47BF7D66-EBA1-572E-3011-7D37A931B3B3}.Release|Any CPU.ActiveCfg = Release|Any CPU
		{47BF7D66-EBA1-572E-3011-7D37A931B3B3}.Release|Any CPU.Build.0 = Release|Any CPU
		{9E165E9F-9613-E61A-E5A9-15E116B5EDB6}.Debug|Any CPU.ActiveCfg = Debug|Any CPU
		{9E165E9F-9613-E61A-E5A9-15E116B5EDB6}.Debug|Any CPU.Build.0 = Debug|Any CPU
		{9E165E9F-9613-E61A-E5A9-15E116B5EDB6}.Release|Any CPU.ActiveCfg = Release|Any CPU
		{9E165E9F-9613-E61A-E5A9-15E116B5EDB6}.Release|Any CPU.Build.0 = Release|Any CPU
		{F98A03D8-E7F6-1EC7-842D-F6269CBDAAA9}.Debug|Any CPU.ActiveCfg = Debug|Any CPU
		{F98A03D8-E7F6-1EC7-842D-F6269CBDAAA9}.Debug|Any CPU.Build.0 = Debug|Any CPU
		{F98A03D8-E7F6-1EC7-842D-F6269CBDAAA9}.Release|Any CPU.ActiveCfg = Release|Any CPU
		{F98A03D8-E7F6-1EC7-842D-F6269CBDAAA9}.Release|Any CPU.Build.0 = Release|Any CPU
	EndGlobalSection
	GlobalSection(SolutionProperties) = preSolution
		HideSolutionNode = FALSE
	EndGlobalSection
EndGlobal
